
Microsoft Visual Studio Solution File, Format Version 12.00
# Visual Studio 15
VisualStudioVersion = 15.0.26730.8
MinimumVisualStudioVersion = 10.0.40219.1
Project("{2150E333-8FDC-42A3-9474-1A3956D46DE8}") = "Documentation", "Documentation", "{60A97DBF-93F7-4CF8-861E-49989E7CC143}"
EndProject
Project("{2150E333-8FDC-42A3-9474-1A3956D46DE8}") = "Layers", "Layers", "{E22E6C76-6C21-40C9-84F1-D778E8246BA8}"
EndProject
Project("{2150E333-8FDC-42A3-9474-1A3956D46DE8}") = "1.0 - Presentation", "1.0 - Presentation", "{67B1FBFA-F035-4392-B3C3-285DD9FCB549}"
EndProject
Project("{2150E333-8FDC-42A3-9474-1A3956D46DE8}") = "1.1 - Application", "1.1 - Application", "{3A7CED4E-AD91-42A6-A992-7B2D37AC3616}"
EndProject
Project("{2150E333-8FDC-42A3-9474-1A3956D46DE8}") = "1.2 - Domain", "1.2 - Domain", "{C7DB6A8E-8D6F-4C98-AAB7-68C30BC9B01D}"
EndProject
Project("{2150E333-8FDC-42A3-9474-1A3956D46DE8}") = "1.3 - Data", "1.3 - Data", "{12865BE5-E638-45F6-A143-9FD2E5968075}"
EndProject
Project("{2150E333-8FDC-42A3-9474-1A3956D46DE8}") = "1.4 - Infrastructure", "1.4 - Infrastructure", "{D27F8004-6253-4563-9C71-E90D9626743E}"
EndProject
Project("{9A19103F-16F7-4668-BE54-9A1E7A4F7556}") = "Presentation.Angular", "Presentation.Angular\Presentation.Angular.csproj", "{AFA6D339-A19B-4AC1-BB63-D426D0061461}"
EndProject
Project("{9A19103F-16F7-4668-BE54-9A1E7A4F7556}") = "Infrastructure.Crosscutting", "Infrastructure.Crosscuting\Infrastructure.Crosscutting.csproj", "{DD2ED657-1305-4C2F-B579-52919D3D51FD}"
EndProject
Project("{9A19103F-16F7-4668-BE54-9A1E7A4F7556}") = "Application.Dto", "Application.Dto\Application.Dto.csproj", "{EF7FB5CA-9939-4DCE-94AD-5E2FE5DE6CFB}"
EndProject
Project("{9A19103F-16F7-4668-BE54-9A1E7A4F7556}") = "Application.Services", "Application.Services\Application.Services.csproj", "{3288B2F5-683A-4447-BE02-AC06467A2E40}"
EndProject
Project("{9A19103F-16F7-4668-BE54-9A1E7A4F7556}") = "Domain.Model", "Domain.Model\Domain.Model.csproj", "{F63F1666-EADD-459C-94BD-343273AA1015}"
EndProject
Project("{9A19103F-16F7-4668-BE54-9A1E7A4F7556}") = "Domain.Core", "Domain.Core\Domain.Core.csproj", "{909AFF5E-8380-4AA2-99C9-E84126E42AA3}"
EndProject
Project("{9A19103F-16F7-4668-BE54-9A1E7A4F7556}") = "Domain.Services", "Domain.Services\Domain.Services.csproj", "{4ACF8EEE-4E29-4A59-BD6D-E6B9BD1EA913}"
EndProject
Project("{FAE04EC0-301F-11D3-BF4B-00C04F79EFBC}") = "Presentation.Api", "Presentation.Api\Presentation.Api.csproj", "{62F39C02-D7D6-4850-9458-B89C62485F92}"
EndProject
Project("{9A19103F-16F7-4668-BE54-9A1E7A4F7556}") = "Data.Repository", "Data.Repository\Data.Repository.csproj", "{8E42412B-7140-4097-8051-3B2133B9E107}"
EndProject
Global
	GlobalSection(SolutionConfigurationPlatforms) = preSolution
		Debug|Any CPU = Debug|Any CPU
		Release|Any CPU = Release|Any CPU
	EndGlobalSection
	GlobalSection(ProjectConfigurationPlatforms) = postSolution
		{AFA6D339-A19B-4AC1-BB63-D426D0061461}.Debug|Any CPU.ActiveCfg = Debug|Any CPU
		{AFA6D339-A19B-4AC1-BB63-D426D0061461}.Debug|Any CPU.Build.0 = Debug|Any CPU
		{AFA6D339-A19B-4AC1-BB63-D426D0061461}.Release|Any CPU.ActiveCfg = Release|Any CPU
		{AFA6D339-A19B-4AC1-BB63-D426D0061461}.Release|Any CPU.Build.0 = Release|Any CPU
		{DD2ED657-1305-4C2F-B579-52919D3D51FD}.Debug|Any CPU.ActiveCfg = Debug|Any CPU
		{DD2ED657-1305-4C2F-B579-52919D3D51FD}.Debug|Any CPU.Build.0 = Debug|Any CPU
		{DD2ED657-1305-4C2F-B579-52919D3D51FD}.Release|Any CPU.ActiveCfg = Release|Any CPU
		{DD2ED657-1305-4C2F-B579-52919D3D51FD}.Release|Any CPU.Build.0 = Release|Any CPU
		{EF7FB5CA-9939-4DCE-94AD-5E2FE5DE6CFB}.Debug|Any CPU.ActiveCfg = Debug|Any CPU
		{EF7FB5CA-9939-4DCE-94AD-5E2FE5DE6CFB}.Debug|Any CPU.Build.0 = Debug|Any CPU
		{EF7FB5CA-9939-4DCE-94AD-5E2FE5DE6CFB}.Release|Any CPU.ActiveCfg = Release|Any CPU
		{EF7FB5CA-9939-4DCE-94AD-5E2FE5DE6CFB}.Release|Any CPU.Build.0 = Release|Any CPU
		{3288B2F5-683A-4447-BE02-AC06467A2E40}.Debug|Any CPU.ActiveCfg = Debug|Any CPU
		{3288B2F5-683A-4447-BE02-AC06467A2E40}.Debug|Any CPU.Build.0 = Debug|Any CPU
		{3288B2F5-683A-4447-BE02-AC06467A2E40}.Release|Any CPU.ActiveCfg = Release|Any CPU
		{3288B2F5-683A-4447-BE02-AC06467A2E40}.Release|Any CPU.Build.0 = Release|Any CPU
		{F63F1666-EADD-459C-94BD-343273AA1015}.Debug|Any CPU.ActiveCfg = Debug|Any CPU
		{F63F1666-EADD-459C-94BD-343273AA1015}.Debug|Any CPU.Build.0 = Debug|Any CPU
		{F63F1666-EADD-459C-94BD-343273AA1015}.Release|Any CPU.ActiveCfg = Release|Any CPU
		{F63F1666-EADD-459C-94BD-343273AA1015}.Release|Any CPU.Build.0 = Release|Any CPU
		{909AFF5E-8380-4AA2-99C9-E84126E42AA3}.Debug|Any CPU.ActiveCfg = Debug|Any CPU
		{909AFF5E-8380-4AA2-99C9-E84126E42AA3}.Debug|Any CPU.Build.0 = Debug|Any CPU
		{909AFF5E-8380-4AA2-99C9-E84126E42AA3}.Release|Any CPU.ActiveCfg = Release|Any CPU
		{909AFF5E-8380-4AA2-99C9-E84126E42AA3}.Release|Any CPU.Build.0 = Release|Any CPU
		{4ACF8EEE-4E29-4A59-BD6D-E6B9BD1EA913}.Debug|Any CPU.ActiveCfg = Debug|Any CPU
		{4ACF8EEE-4E29-4A59-BD6D-E6B9BD1EA913}.Debug|Any CPU.Build.0 = Debug|Any CPU
		{4ACF8EEE-4E29-4A59-BD6D-E6B9BD1EA913}.Release|Any CPU.ActiveCfg = Release|Any CPU
		{4ACF8EEE-4E29-4A59-BD6D-E6B9BD1EA913}.Release|Any CPU.Build.0 = Release|Any CPU
		{62F39C02-D7D6-4850-9458-B89C62485F92}.Debug|Any CPU.ActiveCfg = Debug|Any CPU
		{62F39C02-D7D6-4850-9458-B89C62485F92}.Debug|Any CPU.Build.0 = Debug|Any CPU
		{62F39C02-D7D6-4850-9458-B89C62485F92}.Release|Any CPU.ActiveCfg = Release|Any CPU
		{62F39C02-D7D6-4850-9458-B89C62485F92}.Release|Any CPU.Build.0 = Release|Any CPU
		{8E42412B-7140-4097-8051-3B2133B9E107}.Debug|Any CPU.ActiveCfg = Debug|Any CPU
		{8E42412B-7140-4097-8051-3B2133B9E107}.Debug|Any CPU.Build.0 = Debug|Any CPU
		{8E42412B-7140-4097-8051-3B2133B9E107}.Release|Any CPU.ActiveCfg = Release|Any CPU
		{8E42412B-7140-4097-8051-3B2133B9E107}.Release|Any CPU.Build.0 = Release|Any CPU
	EndGlobalSection
	GlobalSection(SolutionProperties) = preSolution
		HideSolutionNode = FALSE
	EndGlobalSection
	GlobalSection(NestedProjects) = preSolution
		{67B1FBFA-F035-4392-B3C3-285DD9FCB549} = {E22E6C76-6C21-40C9-84F1-D778E8246BA8}
		{3A7CED4E-AD91-42A6-A992-7B2D37AC3616} = {E22E6C76-6C21-40C9-84F1-D778E8246BA8}
		{C7DB6A8E-8D6F-4C98-AAB7-68C30BC9B01D} = {E22E6C76-6C21-40C9-84F1-D778E8246BA8}
		{12865BE5-E638-45F6-A143-9FD2E5968075} = {E22E6C76-6C21-40C9-84F1-D778E8246BA8}
		{D27F8004-6253-4563-9C71-E90D9626743E} = {E22E6C76-6C21-40C9-84F1-D778E8246BA8}
		{AFA6D339-A19B-4AC1-BB63-D426D0061461} = {67B1FBFA-F035-4392-B3C3-285DD9FCB549}
		{DD2ED657-1305-4C2F-B579-52919D3D51FD} = {D27F8004-6253-4563-9C71-E90D9626743E}
		{EF7FB5CA-9939-4DCE-94AD-5E2FE5DE6CFB} = {3A7CED4E-AD91-42A6-A992-7B2D37AC3616}
		{3288B2F5-683A-4447-BE02-AC06467A2E40} = {3A7CED4E-AD91-42A6-A992-7B2D37AC3616}
		{F63F1666-EADD-459C-94BD-343273AA1015} = {C7DB6A8E-8D6F-4C98-AAB7-68C30BC9B01D}
		{909AFF5E-8380-4AA2-99C9-E84126E42AA3} = {C7DB6A8E-8D6F-4C98-AAB7-68C30BC9B01D}
		{4ACF8EEE-4E29-4A59-BD6D-E6B9BD1EA913} = {C7DB6A8E-8D6F-4C98-AAB7-68C30BC9B01D}
		{62F39C02-D7D6-4850-9458-B89C62485F92} = {67B1FBFA-F035-4392-B3C3-285DD9FCB549}
		{8E42412B-7140-4097-8051-3B2133B9E107} = {12865BE5-E638-45F6-A143-9FD2E5968075}
	EndGlobalSection
	GlobalSection(ExtensibilityGlobals) = postSolution
		SolutionGuid = {216CABE8-16F8-4246-8302-72538EE5D2DE}
	EndGlobalSection
EndGlobal
