
Microsoft Visual Studio Solution File, Format Version 12.00
# Visual Studio 15
VisualStudioVersion = 15.0.27130.2036
MinimumVisualStudioVersion = 10.0.40219.1
Project("{2150E333-8FDC-42A3-9474-1A3956D46DE8}") = "Documentation", "Documentation", "{60A97DBF-93F7-4CF8-861E-49989E7CC143}"
EndProject
Project("{2150E333-8FDC-42A3-9474-1A3956D46DE8}") = "Layers", "Layers", "{E22E6C76-6C21-40C9-84F1-D778E8246BA8}"
EndProject
Project("{2150E333-8FDC-42A3-9474-1A3956D46DE8}") = "1.0 - Presentation", "1.0 - Presentation", "{67B1FBFA-F035-4392-B3C3-285DD9FCB549}"
EndProject
Project("{2150E333-8FDC-42A3-9474-1A3956D46DE8}") = "1.1 - Application", "1.1 - Application", "{3A7CED4E-AD91-42A6-A992-7B2D37AC3616}"
EndProject
Project("{2150E333-8FDC-42A3-9474-1A3956D46DE8}") = "1.2 - Domain", "1.2 - Domain", "{C7DB6A8E-8D6F-4C98-AAB7-68C30BC9B01D}"
EndProject
Project("{2150E333-8FDC-42A3-9474-1A3956D46DE8}") = "1.3 - Data", "1.3 - Data", "{12865BE5-E638-45F6-A143-9FD2E5968075}"
EndProject
Project("{2150E333-8FDC-42A3-9474-1A3956D46DE8}") = "1.4 - Infrastructure", "1.4 - Infrastructure", "{D27F8004-6253-4563-9C71-E90D9626743E}"
EndProject
Project("{FAE04EC0-301F-11D3-BF4B-00C04F79EFBC}") = "Application.Services", "Application.Services\Application.Services.csproj", "{49DC04C6-122B-424D-9A15-7A8BB8B33360}"
EndProject
Project("{FAE04EC0-301F-11D3-BF4B-00C04F79EFBC}") = "Application.DTO", "Application.DTO\Application.DTO.csproj", "{FF7F61C3-F6C0-4914-84FA-E11129EF3668}"
EndProject
Project("{FAE04EC0-301F-11D3-BF4B-00C04F79EFBC}") = "Domain.Model", "Domain.Model\Domain.Model.csproj", "{AEE5F6EF-621D-42B1-9BFF-BA166FF8832E}"
EndProject
Project("{FAE04EC0-301F-11D3-BF4B-00C04F79EFBC}") = "Domain.Services", "Domain.Services\Domain.Services.csproj", "{3323AA05-CEC1-46B2-8CE3-0D701BB3DF14}"
EndProject
Project("{FAE04EC0-301F-11D3-BF4B-00C04F79EFBC}") = "Data.Repository", "Data.Repository\Data.Repository.csproj", "{63F975BF-C84A-47F7-82A8-3A7F4E97FC2C}"
EndProject
Project("{FAE04EC0-301F-11D3-BF4B-00C04F79EFBC}") = "Infrastructure.CrossCutting", "Infrastructure.CrossCutting\Infrastructure.CrossCutting.csproj", "{7E562EEF-660A-4400-BCB0-7C0F64C3CAB6}"
EndProject
Project("{FAE04EC0-301F-11D3-BF4B-00C04F79EFBC}") = "Domain.Core", "Domain.Core\Domain.Core.csproj", "{179801EE-BC22-4937-BDE6-BA2FC73EDE8A}"
EndProject
Project("{FAE04EC0-301F-11D3-BF4B-00C04F79EFBC}") = "Presentation.Web", "Presentation.Api\Presentation.Web.csproj", "{E86DC718-BD0B-45B5-9098-5F12775253B7}"
EndProject
Global
	GlobalSection(SolutionConfigurationPlatforms) = preSolution
		Debug|Any CPU = Debug|Any CPU
		Release|Any CPU = Release|Any CPU
	EndGlobalSection
	GlobalSection(ProjectConfigurationPlatforms) = postSolution
		{49DC04C6-122B-424D-9A15-7A8BB8B33360}.Debug|Any CPU.ActiveCfg = Debug|Any CPU
		{49DC04C6-122B-424D-9A15-7A8BB8B33360}.Debug|Any CPU.Build.0 = Debug|Any CPU
		{49DC04C6-122B-424D-9A15-7A8BB8B33360}.Release|Any CPU.ActiveCfg = Release|Any CPU
		{49DC04C6-122B-424D-9A15-7A8BB8B33360}.Release|Any CPU.Build.0 = Release|Any CPU
		{FF7F61C3-F6C0-4914-84FA-E11129EF3668}.Debug|Any CPU.ActiveCfg = Debug|Any CPU
		{FF7F61C3-F6C0-4914-84FA-E11129EF3668}.Debug|Any CPU.Build.0 = Debug|Any CPU
		{FF7F61C3-F6C0-4914-84FA-E11129EF3668}.Release|Any CPU.ActiveCfg = Release|Any CPU
		{FF7F61C3-F6C0-4914-84FA-E11129EF3668}.Release|Any CPU.Build.0 = Release|Any CPU
		{AEE5F6EF-621D-42B1-9BFF-BA166FF8832E}.Debug|Any CPU.ActiveCfg = Debug|Any CPU
		{AEE5F6EF-621D-42B1-9BFF-BA166FF8832E}.Debug|Any CPU.Build.0 = Debug|Any CPU
		{AEE5F6EF-621D-42B1-9BFF-BA166FF8832E}.Release|Any CPU.ActiveCfg = Release|Any CPU
		{AEE5F6EF-621D-42B1-9BFF-BA166FF8832E}.Release|Any CPU.Build.0 = Release|Any CPU
		{3323AA05-CEC1-46B2-8CE3-0D701BB3DF14}.Debug|Any CPU.ActiveCfg = Debug|Any CPU
		{3323AA05-CEC1-46B2-8CE3-0D701BB3DF14}.Debug|Any CPU.Build.0 = Debug|Any CPU
		{3323AA05-CEC1-46B2-8CE3-0D701BB3DF14}.Release|Any CPU.ActiveCfg = Release|Any CPU
		{3323AA05-CEC1-46B2-8CE3-0D701BB3DF14}.Release|Any CPU.Build.0 = Release|Any CPU
		{63F975BF-C84A-47F7-82A8-3A7F4E97FC2C}.Debug|Any CPU.ActiveCfg = Debug|Any CPU
		{63F975BF-C84A-47F7-82A8-3A7F4E97FC2C}.Debug|Any CPU.Build.0 = Debug|Any CPU
		{63F975BF-C84A-47F7-82A8-3A7F4E97FC2C}.Release|Any CPU.ActiveCfg = Release|Any CPU
		{63F975BF-C84A-47F7-82A8-3A7F4E97FC2C}.Release|Any CPU.Build.0 = Release|Any CPU
		{7E562EEF-660A-4400-BCB0-7C0F64C3CAB6}.Debug|Any CPU.ActiveCfg = Debug|Any CPU
		{7E562EEF-660A-4400-BCB0-7C0F64C3CAB6}.Debug|Any CPU.Build.0 = Debug|Any CPU
		{7E562EEF-660A-4400-BCB0-7C0F64C3CAB6}.Release|Any CPU.ActiveCfg = Release|Any CPU
		{7E562EEF-660A-4400-BCB0-7C0F64C3CAB6}.Release|Any CPU.Build.0 = Release|Any CPU
		{179801EE-BC22-4937-BDE6-BA2FC73EDE8A}.Debug|Any CPU.ActiveCfg = Debug|Any CPU
		{179801EE-BC22-4937-BDE6-BA2FC73EDE8A}.Debug|Any CPU.Build.0 = Debug|Any CPU
		{179801EE-BC22-4937-BDE6-BA2FC73EDE8A}.Release|Any CPU.ActiveCfg = Release|Any CPU
		{179801EE-BC22-4937-BDE6-BA2FC73EDE8A}.Release|Any CPU.Build.0 = Release|Any CPU
		{E86DC718-BD0B-45B5-9098-5F12775253B7}.Debug|Any CPU.ActiveCfg = Debug|Any CPU
		{E86DC718-BD0B-45B5-9098-5F12775253B7}.Debug|Any CPU.Build.0 = Debug|Any CPU
		{E86DC718-BD0B-45B5-9098-5F12775253B7}.Release|Any CPU.ActiveCfg = Release|Any CPU
		{E86DC718-BD0B-45B5-9098-5F12775253B7}.Release|Any CPU.Build.0 = Release|Any CPU
	EndGlobalSection
	GlobalSection(SolutionProperties) = preSolution
		HideSolutionNode = FALSE
	EndGlobalSection
	GlobalSection(NestedProjects) = preSolution
		{67B1FBFA-F035-4392-B3C3-285DD9FCB549} = {E22E6C76-6C21-40C9-84F1-D778E8246BA8}
		{3A7CED4E-AD91-42A6-A992-7B2D37AC3616} = {E22E6C76-6C21-40C9-84F1-D778E8246BA8}
		{C7DB6A8E-8D6F-4C98-AAB7-68C30BC9B01D} = {E22E6C76-6C21-40C9-84F1-D778E8246BA8}
		{12865BE5-E638-45F6-A143-9FD2E5968075} = {E22E6C76-6C21-40C9-84F1-D778E8246BA8}
		{D27F8004-6253-4563-9C71-E90D9626743E} = {E22E6C76-6C21-40C9-84F1-D778E8246BA8}
		{49DC04C6-122B-424D-9A15-7A8BB8B33360} = {3A7CED4E-AD91-42A6-A992-7B2D37AC3616}
		{FF7F61C3-F6C0-4914-84FA-E11129EF3668} = {3A7CED4E-AD91-42A6-A992-7B2D37AC3616}
		{AEE5F6EF-621D-42B1-9BFF-BA166FF8832E} = {C7DB6A8E-8D6F-4C98-AAB7-68C30BC9B01D}
		{3323AA05-CEC1-46B2-8CE3-0D701BB3DF14} = {C7DB6A8E-8D6F-4C98-AAB7-68C30BC9B01D}
		{63F975BF-C84A-47F7-82A8-3A7F4E97FC2C} = {12865BE5-E638-45F6-A143-9FD2E5968075}
		{7E562EEF-660A-4400-BCB0-7C0F64C3CAB6} = {D27F8004-6253-4563-9C71-E90D9626743E}
		{179801EE-BC22-4937-BDE6-BA2FC73EDE8A} = {C7DB6A8E-8D6F-4C98-AAB7-68C30BC9B01D}
		{E86DC718-BD0B-45B5-9098-5F12775253B7} = {67B1FBFA-F035-4392-B3C3-285DD9FCB549}
	EndGlobalSection
	GlobalSection(ExtensibilityGlobals) = postSolution
		SolutionGuid = {216CABE8-16F8-4246-8302-72538EE5D2DE}
	EndGlobalSection
EndGlobal
